
Microsoft Visual Studio Solution File, Format Version 12.00
# Visual Studio Version 17
VisualStudioVersion = 17.8.34330.188
MinimumVisualStudioVersion = 10.0.40219.1
Project("{FAE04EC0-301F-11D3-BF4B-00C04F79EFBC}") = "MJPMGit", "MJPMGit\MJPMGit.csproj", "{03EB91D7-0BA3-47E3-8057-CCB89C1BDBE1}"
EndProject
Global
	GlobalSection(SolutionConfigurationPlatforms) = preSolution
		Debug|Any CPU = Debug|Any CPU
		Release|Any CPU = Release|Any CPU
	EndGlobalSection
	GlobalSection(ProjectConfigurationPlatforms) = postSolution
		{03EB91D7-0BA3-47E3-8057-CCB89C1BDBE1}.Debug|Any CPU.ActiveCfg = Debug|Any CPU
		{03EB91D7-0BA3-47E3-8057-CCB89C1BDBE1}.Debug|Any CPU.Build.0 = Debug|Any CPU
		{03EB91D7-0BA3-47E3-8057-CCB89C1BDBE1}.Release|Any CPU.ActiveCfg = Release|Any CPU
		{03EB91D7-0BA3-47E3-8057-CCB89C1BDBE1}.Release|Any CPU.Build.0 = Release|Any CPU
	EndGlobalSection
	GlobalSection(SolutionProperties) = preSolution
		HideSolutionNode = FALSE
	EndGlobalSection
	GlobalSection(ExtensibilityGlobals) = postSolution
		SolutionGuid = {B60D1057-3376-4081-BEC8-5E469C1A3A0B}
	EndGlobalSection
EndGlobal
